// !$*UTF8*$!
{
	archiveVersion = 1;
	classes = {
	};
	objectVersion = 50;
	objects = {

/* Begin PBXBuildFile section */
		BB21644E232E3939007B9EFF /* AppDelegate.swift in Sources */ = {isa = PBXBuildFile; fileRef = BB21644D232E3939007B9EFF /* AppDelegate.swift */; };
		BB216450232E3939007B9EFF /* ViewController.swift in Sources */ = {isa = PBXBuildFile; fileRef = BB21644F232E3939007B9EFF /* ViewController.swift */; };
		BB216453232E3939007B9EFF /* Main.storyboard in Resources */ = {isa = PBXBuildFile; fileRef = BB216451232E3939007B9EFF /* Main.storyboard */; };
		BB216455232E393B007B9EFF /* Assets.xcassets in Resources */ = {isa = PBXBuildFile; fileRef = BB216454232E393B007B9EFF /* Assets.xcassets */; };
		BB216458232E393B007B9EFF /* LaunchScreen.storyboard in Resources */ = {isa = PBXBuildFile; fileRef = BB216456232E393B007B9EFF /* LaunchScreen.storyboard */; };
		BB216463232E393C007B9EFF /* StampTests.swift in Sources */ = {isa = PBXBuildFile; fileRef = BB216462232E393C007B9EFF /* StampTests.swift */; };
		BB21646E232E393C007B9EFF /* StampUITests.swift in Sources */ = {isa = PBXBuildFile; fileRef = BB21646D232E393C007B9EFF /* StampUITests.swift */; };
/* End PBXBuildFile section */

/* Begin PBXContainerItemProxy section */
		BB21645F232E393C007B9EFF /* PBXContainerItemProxy */ = {
			isa = PBXContainerItemProxy;
			containerPortal = BB216442232E3939007B9EFF /* Project object */;
			proxyType = 1;
			remoteGlobalIDString = BB216449232E3939007B9EFF;
			remoteInfo = Stamp;
		};
		BB21646A232E393C007B9EFF /* PBXContainerItemProxy */ = {
			isa = PBXContainerItemProxy;
			containerPortal = BB216442232E3939007B9EFF /* Project object */;
			proxyType = 1;
			remoteGlobalIDString = BB216449232E3939007B9EFF;
			remoteInfo = Stamp;
		};
/* End PBXContainerItemProxy section */

/* Begin PBXFileReference section */
		BB21644A232E3939007B9EFF /* Stamp.app */ = {isa = PBXFileReference; explicitFileType = wrapper.application; includeInIndex = 0; path = Stamp.app; sourceTree = BUILT_PRODUCTS_DIR; };
		BB21644D232E3939007B9EFF /* AppDelegate.swift */ = {isa = PBXFileReference; lastKnownFileType = sourcecode.swift; path = AppDelegate.swift; sourceTree = "<group>"; };
		BB21644F232E3939007B9EFF /* ViewController.swift */ = {isa = PBXFileReference; lastKnownFileType = sourcecode.swift; path = ViewController.swift; sourceTree = "<group>"; };
		BB216452232E3939007B9EFF /* Base */ = {isa = PBXFileReference; lastKnownFileType = file.storyboard; name = Base; path = Base.lproj/Main.storyboard; sourceTree = "<group>"; };
		BB216454232E393B007B9EFF /* Assets.xcassets */ = {isa = PBXFileReference; lastKnownFileType = folder.assetcatalog; path = Assets.xcassets; sourceTree = "<group>"; };
		BB216457232E393B007B9EFF /* Base */ = {isa = PBXFileReference; lastKnownFileType = file.storyboard; name = Base; path = Base.lproj/LaunchScreen.storyboard; sourceTree = "<group>"; };
		BB216459232E393B007B9EFF /* Info.plist */ = {isa = PBXFileReference; lastKnownFileType = text.plist.xml; path = Info.plist; sourceTree = "<group>"; };
		BB21645E232E393C007B9EFF /* StampTests.xctest */ = {isa = PBXFileReference; explicitFileType = wrapper.cfbundle; includeInIndex = 0; path = StampTests.xctest; sourceTree = BUILT_PRODUCTS_DIR; };
		BB216462232E393C007B9EFF /* StampTests.swift */ = {isa = PBXFileReference; lastKnownFileType = sourcecode.swift; path = StampTests.swift; sourceTree = "<group>"; };
		BB216464232E393C007B9EFF /* Info.plist */ = {isa = PBXFileReference; lastKnownFileType = text.plist.xml; path = Info.plist; sourceTree = "<group>"; };
		BB216469232E393C007B9EFF /* StampUITests.xctest */ = {isa = PBXFileReference; explicitFileType = wrapper.cfbundle; includeInIndex = 0; path = StampUITests.xctest; sourceTree = BUILT_PRODUCTS_DIR; };
		BB21646D232E393C007B9EFF /* StampUITests.swift */ = {isa = PBXFileReference; lastKnownFileType = sourcecode.swift; path = StampUITests.swift; sourceTree = "<group>"; };
		BB21646F232E393C007B9EFF /* Info.plist */ = {isa = PBXFileReference; lastKnownFileType = text.plist.xml; path = Info.plist; sourceTree = "<group>"; };
/* End PBXFileReference section */

/* Begin PBXFrameworksBuildPhase section */
		BB216447232E3939007B9EFF /* Frameworks */ = {
			isa = PBXFrameworksBuildPhase;
			buildActionMask = 2147483647;
			files = (
			);
			runOnlyForDeploymentPostprocessing = 0;
		};
		BB21645B232E393C007B9EFF /* Frameworks */ = {
			isa = PBXFrameworksBuildPhase;
			buildActionMask = 2147483647;
			files = (
			);
			runOnlyForDeploymentPostprocessing = 0;
		};
		BB216466232E393C007B9EFF /* Frameworks */ = {
			isa = PBXFrameworksBuildPhase;
			buildActionMask = 2147483647;
			files = (
			);
			runOnlyForDeploymentPostprocessing = 0;
		};
/* End PBXFrameworksBuildPhase section */

/* Begin PBXGroup section */
		BB216441232E3939007B9EFF = {
			isa = PBXGroup;
			children = (
				BB21644C232E3939007B9EFF /* Stamp */,
				BB216461232E393C007B9EFF /* StampTests */,
				BB21646C232E393C007B9EFF /* StampUITests */,
				BB21644B232E3939007B9EFF /* Products */,
			);
			sourceTree = "<group>";
		};
		BB21644B232E3939007B9EFF /* Products */ = {
			isa = PBXGroup;
			children = (
				BB21644A232E3939007B9EFF /* Stamp.app */,
				BB21645E232E393C007B9EFF /* StampTests.xctest */,
				BB216469232E393C007B9EFF /* StampUITests.xctest */,
			);
			name = Products;
			sourceTree = "<group>";
		};
		BB21644C232E3939007B9EFF /* Stamp */ = {
			isa = PBXGroup;
			children = (
				BB21644D232E3939007B9EFF /* AppDelegate.swift */,
				BB21644F232E3939007B9EFF /* ViewController.swift */,
				BB216451232E3939007B9EFF /* Main.storyboard */,
				BB216454232E393B007B9EFF /* Assets.xcassets */,
				BB216456232E393B007B9EFF /* LaunchScreen.storyboard */,
				BB216459232E393B007B9EFF /* Info.plist */,
			);
			path = Stamp;
			sourceTree = "<group>";
		};
		BB216461232E393C007B9EFF /* StampTests */ = {
			isa = PBXGroup;
			children = (
				BB216462232E393C007B9EFF /* StampTests.swift */,
				BB216464232E393C007B9EFF /* Info.plist */,
			);
			path = StampTests;
			sourceTree = "<group>";
		};
		BB21646C232E393C007B9EFF /* StampUITests */ = {
			isa = PBXGroup;
			children = (
				BB21646D232E393C007B9EFF /* StampUITests.swift */,
				BB21646F232E393C007B9EFF /* Info.plist */,
			);
			path = StampUITests;
			sourceTree = "<group>";
		};
/* End PBXGroup section */

/* Begin PBXNativeTarget section */
		BB216449232E3939007B9EFF /* Stamp */ = {
			isa = PBXNativeTarget;
			buildConfigurationList = BB216472232E393C007B9EFF /* Build configuration list for PBXNativeTarget "Stamp" */;
			buildPhases = (
				BB216446232E3939007B9EFF /* Sources */,
				BB216447232E3939007B9EFF /* Frameworks */,
				BB216448232E3939007B9EFF /* Resources */,
			);
			buildRules = (
			);
			dependencies = (
			);
			name = Stamp;
			productName = Stamp;
			productReference = BB21644A232E3939007B9EFF /* Stamp.app */;
			productType = "com.apple.product-type.application";
		};
		BB21645D232E393C007B9EFF /* StampTests */ = {
			isa = PBXNativeTarget;
			buildConfigurationList = BB216475232E393C007B9EFF /* Build configuration list for PBXNativeTarget "StampTests" */;
			buildPhases = (
				BB21645A232E393C007B9EFF /* Sources */,
				BB21645B232E393C007B9EFF /* Frameworks */,
				BB21645C232E393C007B9EFF /* Resources */,
			);
			buildRules = (
			);
			dependencies = (
				BB216460232E393C007B9EFF /* PBXTargetDependency */,
			);
			name = StampTests;
			productName = StampTests;
			productReference = BB21645E232E393C007B9EFF /* StampTests.xctest */;
			productType = "com.apple.product-type.bundle.unit-test";
		};
		BB216468232E393C007B9EFF /* StampUITests */ = {
			isa = PBXNativeTarget;
			buildConfigurationList = BB216478232E393C007B9EFF /* Build configuration list for PBXNativeTarget "StampUITests" */;
			buildPhases = (
				BB216465232E393C007B9EFF /* Sources */,
				BB216466232E393C007B9EFF /* Frameworks */,
				BB216467232E393C007B9EFF /* Resources */,
			);
			buildRules = (
			);
			dependencies = (
				BB21646B232E393C007B9EFF /* PBXTargetDependency */,
			);
			name = StampUITests;
			productName = StampUITests;
			productReference = BB216469232E393C007B9EFF /* StampUITests.xctest */;
			productType = "com.apple.product-type.bundle.ui-testing";
		};
/* End PBXNativeTarget section */

/* Begin PBXProject section */
		BB216442232E3939007B9EFF /* Project object */ = {
			isa = PBXProject;
			attributes = {
				LastSwiftUpdateCheck = 1030;
				LastUpgradeCheck = 1030;
				ORGANIZATIONNAME = "野崎陽奈子";
				TargetAttributes = {
					BB216449232E3939007B9EFF = {
						CreatedOnToolsVersion = 10.3;
					};
					BB21645D232E393C007B9EFF = {
						CreatedOnToolsVersion = 10.3;
						TestTargetID = BB216449232E3939007B9EFF;
					};
					BB216468232E393C007B9EFF = {
						CreatedOnToolsVersion = 10.3;
						TestTargetID = BB216449232E3939007B9EFF;
					};
				};
			};
			buildConfigurationList = BB216445232E3939007B9EFF /* Build configuration list for PBXProject "Stamp" */;
			compatibilityVersion = "Xcode 9.3";
			developmentRegion = en;
			hasScannedForEncodings = 0;
			knownRegions = (
				en,
				Base,
			);
			mainGroup = BB216441232E3939007B9EFF;
			productRefGroup = BB21644B232E3939007B9EFF /* Products */;
			projectDirPath = "";
			projectRoot = "";
			targets = (
				BB216449232E3939007B9EFF /* Stamp */,
				BB21645D232E393C007B9EFF /* StampTests */,
				BB216468232E393C007B9EFF /* StampUITests */,
			);
		};
/* End PBXProject section */

/* Begin PBXResourcesBuildPhase section */
		BB216448232E3939007B9EFF /* Resources */ = {
			isa = PBXResourcesBuildPhase;
			buildActionMask = 2147483647;
			files = (
				BB216458232E393B007B9EFF /* LaunchScreen.storyboard in Resources */,
				BB216455232E393B007B9EFF /* Assets.xcassets in Resources */,
				BB216453232E3939007B9EFF /* Main.storyboard in Resources */,
			);
			runOnlyForDeploymentPostprocessing = 0;
		};
		BB21645C232E393C007B9EFF /* Resources */ = {
			isa = PBXResourcesBuildPhase;
			buildActionMask = 2147483647;
			files = (
			);
			runOnlyForDeploymentPostprocessing = 0;
		};
		BB216467232E393C007B9EFF /* Resources */ = {
			isa = PBXResourcesBuildPhase;
			buildActionMask = 2147483647;
			files = (
			);
			runOnlyForDeploymentPostprocessing = 0;
		};
/* End PBXResourcesBuildPhase section */

/* Begin PBXSourcesBuildPhase section */
		BB216446232E3939007B9EFF /* Sources */ = {
			isa = PBXSourcesBuildPhase;
			buildActionMask = 2147483647;
			files = (
				BB216450232E3939007B9EFF /* ViewController.swift in Sources */,
				BB21644E232E3939007B9EFF /* AppDelegate.swift in Sources */,
			);
			runOnlyForDeploymentPostprocessing = 0;
		};
		BB21645A232E393C007B9EFF /* Sources */ = {
			isa = PBXSourcesBuildPhase;
			buildActionMask = 2147483647;
			files = (
				BB216463232E393C007B9EFF /* StampTests.swift in Sources */,
			);
			runOnlyForDeploymentPostprocessing = 0;
		};
		BB216465232E393C007B9EFF /* Sources */ = {
			isa = PBXSourcesBuildPhase;
			buildActionMask = 2147483647;
			files = (
				BB21646E232E393C007B9EFF /* StampUITests.swift in Sources */,
			);
			runOnlyForDeploymentPostprocessing = 0;
		};
/* End PBXSourcesBuildPhase section */

/* Begin PBXTargetDependency section */
		BB216460232E393C007B9EFF /* PBXTargetDependency */ = {
			isa = PBXTargetDependency;
			target = BB216449232E3939007B9EFF /* Stamp */;
			targetProxy = BB21645F232E393C007B9EFF /* PBXContainerItemProxy */;
		};
		BB21646B232E393C007B9EFF /* PBXTargetDependency */ = {
			isa = PBXTargetDependency;
			target = BB216449232E3939007B9EFF /* Stamp */;
			targetProxy = BB21646A232E393C007B9EFF /* PBXContainerItemProxy */;
		};
/* End PBXTargetDependency section */

/* Begin PBXVariantGroup section */
		BB216451232E3939007B9EFF /* Main.storyboard */ = {
			isa = PBXVariantGroup;
			children = (
				BB216452232E3939007B9EFF /* Base */,
			);
			name = Main.storyboard;
			sourceTree = "<group>";
		};
		BB216456232E393B007B9EFF /* LaunchScreen.storyboard */ = {
			isa = PBXVariantGroup;
			children = (
				BB216457232E393B007B9EFF /* Base */,
			);
			name = LaunchScreen.storyboard;
			sourceTree = "<group>";
		};
/* End PBXVariantGroup section */

/* Begin XCBuildConfiguration section */
		BB216470232E393C007B9EFF /* Debug */ = {
			isa = XCBuildConfiguration;
			buildSettings = {
				ALWAYS_SEARCH_USER_PATHS = NO;
				CLANG_ANALYZER_NONNULL = YES;
				CLANG_ANALYZER_NUMBER_OBJECT_CONVERSION = YES_AGGRESSIVE;
				CLANG_CXX_LANGUAGE_STANDARD = "gnu++14";
				CLANG_CXX_LIBRARY = "libc++";
				CLANG_ENABLE_MODULES = YES;
				CLANG_ENABLE_OBJC_ARC = YES;
				CLANG_ENABLE_OBJC_WEAK = YES;
				CLANG_WARN_BLOCK_CAPTURE_AUTORELEASING = YES;
				CLANG_WARN_BOOL_CONVERSION = YES;
				CLANG_WARN_COMMA = YES;
				CLANG_WARN_CONSTANT_CONVERSION = YES;
				CLANG_WARN_DEPRECATED_OBJC_IMPLEMENTATIONS = YES;
				CLANG_WARN_DIRECT_OBJC_ISA_USAGE = YES_ERROR;
				CLANG_WARN_DOCUMENTATION_COMMENTS = YES;
				CLANG_WARN_EMPTY_BODY = YES;
				CLANG_WARN_ENUM_CONVERSION = YES;
				CLANG_WARN_INFINITE_RECURSION = YES;
				CLANG_WARN_INT_CONVERSION = YES;
				CLANG_WARN_NON_LITERAL_NULL_CONVERSION = YES;
				CLANG_WARN_OBJC_IMPLICIT_RETAIN_SELF = YES;
				CLANG_WARN_OBJC_LITERAL_CONVERSION = YES;
				CLANG_WARN_OBJC_ROOT_CLASS = YES_ERROR;
				CLANG_WARN_RANGE_LOOP_ANALYSIS = YES;
				CLANG_WARN_STRICT_PROTOTYPES = YES;
				CLANG_WARN_SUSPICIOUS_MOVE = YES;
				CLANG_WARN_UNGUARDED_AVAILABILITY = YES_AGGRESSIVE;
				CLANG_WARN_UNREACHABLE_CODE = YES;
				CLANG_WARN__DUPLICATE_METHOD_MATCH = YES;
				CODE_SIGN_IDENTITY = "iPhone Developer";
				COPY_PHASE_STRIP = NO;
				DEBUG_INFORMATION_FORMAT = dwarf;
				ENABLE_STRICT_OBJC_MSGSEND = YES;
				ENABLE_TESTABILITY = YES;
				GCC_C_LANGUAGE_STANDARD = gnu11;
				GCC_DYNAMIC_NO_PIC = NO;
				GCC_NO_COMMON_BLOCKS = YES;
				GCC_OPTIMIZATION_LEVEL = 0;
				GCC_PREPROCESSOR_DEFINITIONS = (
					"DEBUG=1",
					"$(inherited)",
				);
				GCC_WARN_64_TO_32_BIT_CONVERSION = YES;
				GCC_WARN_ABOUT_RETURN_TYPE = YES_ERROR;
				GCC_WARN_UNDECLARED_SELECTOR = YES;
				GCC_WARN_UNINITIALIZED_AUTOS = YES_AGGRESSIVE;
				GCC_WARN_UNUSED_FUNCTION = YES;
				GCC_WARN_UNUSED_VARIABLE = YES;
				IPHONEOS_DEPLOYMENT_TARGET = 12.4;
				MTL_ENABLE_DEBUG_INFO = INCLUDE_SOURCE;
				MTL_FAST_MATH = YES;
				ONLY_ACTIVE_ARCH = YES;
				SDKROOT = iphoneos;
				SWIFT_ACTIVE_COMPILATION_CONDITIONS = DEBUG;
				SWIFT_OPTIMIZATION_LEVEL = "-Onone";
			};
			name = Debug;
		};
		BB216471232E393C007B9EFF /* Release */ = {
			isa = XCBuildConfiguration;
			buildSettings = {
				ALWAYS_SEARCH_USER_PATHS = NO;
				CLANG_ANALYZER_NONNULL = YES;
				CLANG_ANALYZER_NUMBER_OBJECT_CONVERSION = YES_AGGRESSIVE;
				CLANG_CXX_LANGUAGE_STANDARD = "gnu++14";
				CLANG_CXX_LIBRARY = "libc++";
				CLANG_ENABLE_MODULES = YES;
				CLANG_ENABLE_OBJC_ARC = YES;
				CLANG_ENABLE_OBJC_WEAK = YES;
				CLANG_WARN_BLOCK_CAPTURE_AUTORELEASING = YES;
				CLANG_WARN_BOOL_CONVERSION = YES;
				CLANG_WARN_COMMA = YES;
				CLANG_WARN_CONSTANT_CONVERSION = YES;
				CLANG_WARN_DEPRECATED_OBJC_IMPLEMENTATIONS = YES;
				CLANG_WARN_DIRECT_OBJC_ISA_USAGE = YES_ERROR;
				CLANG_WARN_DOCUMENTATION_COMMENTS = YES;
				CLANG_WARN_EMPTY_BODY = YES;
				CLANG_WARN_ENUM_CONVERSION = YES;
				CLANG_WARN_INFINITE_RECURSION = YES;
				CLANG_WARN_INT_CONVERSION = YES;
				CLANG_WARN_NON_LITERAL_NULL_CONVERSION = YES;
				CLANG_WARN_OBJC_IMPLICIT_RETAIN_SELF = YES;
				CLANG_WARN_OBJC_LITERAL_CONVERSION = YES;
				CLANG_WARN_OBJC_ROOT_CLASS = YES_ERROR;
				CLANG_WARN_RANGE_LOOP_ANALYSIS = YES;
				CLANG_WARN_STRICT_PROTOTYPES = YES;
				CLANG_WARN_SUSPICIOUS_MOVE = YES;
				CLANG_WARN_UNGUARDED_AVAILABILITY = YES_AGGRESSIVE;
				CLANG_WARN_UNREACHABLE_CODE = YES;
				CLANG_WARN__DUPLICATE_METHOD_MATCH = YES;
				CODE_SIGN_IDENTITY = "iPhone Developer";
				COPY_PHASE_STRIP = NO;
				DEBUG_INFORMATION_FORMAT = "dwarf-with-dsym";
				ENABLE_NS_ASSERTIONS = NO;
				ENABLE_STRICT_OBJC_MSGSEND = YES;
				GCC_C_LANGUAGE_STANDARD = gnu11;
				GCC_NO_COMMON_BLOCKS = YES;
				GCC_WARN_64_TO_32_BIT_CONVERSION = YES;
				GCC_WARN_ABOUT_RETURN_TYPE = YES_ERROR;
				GCC_WARN_UNDECLARED_SELECTOR = YES;
				GCC_WARN_UNINITIALIZED_AUTOS = YES_AGGRESSIVE;
				GCC_WARN_UNUSED_FUNCTION = YES;
				GCC_WARN_UNUSED_VARIABLE = YES;
				IPHONEOS_DEPLOYMENT_TARGET = 12.4;
				MTL_ENABLE_DEBUG_INFO = NO;
				MTL_FAST_MATH = YES;
				SDKROOT = iphoneos;
				SWIFT_COMPILATION_MODE = wholemodule;
				SWIFT_OPTIMIZATION_LEVEL = "-O";
				VALIDATE_PRODUCT = YES;
			};
			name = Release;
		};
		BB216473232E393C007B9EFF /* Debug */ = {
			isa = XCBuildConfiguration;
			buildSettings = {
				ASSETCATALOG_COMPILER_APPICON_NAME = AppIcon;
				CODE_SIGN_STYLE = Automatic;
				INFOPLIST_FILE = Stamp/Info.plist;
				LD_RUNPATH_SEARCH_PATHS = (
					"$(inherited)",
					"@executable_path/Frameworks",
				);
				PRODUCT_BUNDLE_IDENTIFIER = aaa.Stamp;
				PRODUCT_NAME = "$(TARGET_NAME)";
				SWIFT_VERSION = 5.0;
				TARGETED_DEVICE_FAMILY = "1,2";
			};
			name = Debug;
		};
		BB216474232E393C007B9EFF /* Release */ = {
			isa = XCBuildConfiguration;
			buildSettings = {
				ASSETCATALOG_COMPILER_APPICON_NAME = AppIcon;
				CODE_SIGN_STYLE = Automatic;
				INFOPLIST_FILE = Stamp/Info.plist;
				LD_RUNPATH_SEARCH_PATHS = (
					"$(inherited)",
					"@executable_path/Frameworks",
				);
				PRODUCT_BUNDLE_IDENTIFIER = aaa.Stamp;
				PRODUCT_NAME = "$(TARGET_NAME)";
				SWIFT_VERSION = 5.0;
				TARGETED_DEVICE_FAMILY = "1,2";
			};
			name = Release;
		};
		BB216476232E393C007B9EFF /* Debug */ = {
			isa = XCBuildConfiguration;
			buildSettings = {
				ALWAYS_EMBED_SWIFT_STANDARD_LIBRARIES = YES;
				BUNDLE_LOADER = "$(TEST_HOST)";
				CODE_SIGN_STYLE = Automatic;
				INFOPLIST_FILE = StampTests/Info.plist;
				LD_RUNPATH_SEARCH_PATHS = (
					"$(inherited)",
					"@executable_path/Frameworks",
					"@loader_path/Frameworks",
				);
				PRODUCT_BUNDLE_IDENTIFIER = aaa.StampTests;
				PRODUCT_NAME = "$(TARGET_NAME)";
				SWIFT_VERSION = 5.0;
				TARGETED_DEVICE_FAMILY = "1,2";
				TEST_HOST = "$(BUILT_PRODUCTS_DIR)/Stamp.app/Stamp";
			};
			name = Debug;
		};
		BB216477232E393C007B9EFF /* Release */ = {
			isa = XCBuildConfiguration;
			buildSettings = {
				ALWAYS_EMBED_SWIFT_STANDARD_LIBRARIES = YES;
				BUNDLE_LOADER = "$(TEST_HOST)";
				CODE_SIGN_STYLE = Automatic;
				INFOPLIST_FILE = StampTests/Info.plist;
				LD_RUNPATH_SEARCH_PATHS = (
					"$(inherited)",
					"@executable_path/Frameworks",
					"@loader_path/Frameworks",
				);
				PRODUCT_BUNDLE_IDENTIFIER = aaa.StampTests;
				PRODUCT_NAME = "$(TARGET_NAME)";
				SWIFT_VERSION = 5.0;
				TARGETED_DEVICE_FAMILY = "1,2";
				TEST_HOST = "$(BUILT_PRODUCTS_DIR)/Stamp.app/Stamp";
			};
			name = Release;
		};
		BB216479232E393C007B9EFF /* Debug */ = {
			isa = XCBuildConfiguration;
			buildSettings = {
				ALWAYS_EMBED_SWIFT_STANDARD_LIBRARIES = YES;
				CODE_SIGN_STYLE = Automatic;
				INFOPLIST_FILE = StampUITests/Info.plist;
				LD_RUNPATH_SEARCH_PATHS = (
					"$(inherited)",
					"@executable_path/Frameworks",
					"@loader_path/Frameworks",
				);
				PRODUCT_BUNDLE_IDENTIFIER = aaa.StampUITests;
				PRODUCT_NAME = "$(TARGET_NAME)";
				SWIFT_VERSION = 5.0;
				TARGETED_DEVICE_FAMILY = "1,2";
				TEST_TARGET_NAME = Stamp;
			};
			name = Debug;
		};
		BB21647A232E393C007B9EFF /* Release */ = {
			isa = XCBuildConfiguration;
			buildSettings = {
				ALWAYS_EMBED_SWIFT_STANDARD_LIBRARIES = YES;
				CODE_SIGN_STYLE = Automatic;
				INFOPLIST_FILE = StampUITests/Info.plist;
				LD_RUNPATH_SEARCH_PATHS = (
					"$(inherited)",
					"@executable_path/Frameworks",
					"@loader_path/Frameworks",
				);
				PRODUCT_BUNDLE_IDENTIFIER = aaa.StampUITests;
				PRODUCT_NAME = "$(TARGET_NAME)";
				SWIFT_VERSION = 5.0;
				TARGETED_DEVICE_FAMILY = "1,2";
				TEST_TARGET_NAME = Stamp;
			};
			name = Release;
		};
/* End XCBuildConfiguration section */

/* Begin XCConfigurationList section */
		BB216445232E3939007B9EFF /* Build configuration list for PBXProject "Stamp" */ = {
			isa = XCConfigurationList;
			buildConfigurations = (
				BB216470232E393C007B9EFF /* Debug */,
				BB216471232E393C007B9EFF /* Release */,
			);
			defaultConfigurationIsVisible = 0;
			defaultConfigurationName = Release;
		};
		BB216472232E393C007B9EFF /* Build configuration list for PBXNativeTarget "Stamp" */ = {
			isa = XCConfigurationList;
			buildConfigurations = (
				BB216473232E393C007B9EFF /* Debug */,
				BB216474232E393C007B9EFF /* Release */,
			);
			defaultConfigurationIsVisible = 0;
			defaultConfigurationName = Release;
		};
		BB216475232E393C007B9EFF /* Build configuration list for PBXNativeTarget "StampTests" */ = {
			isa = XCConfigurationList;
			buildConfigurations = (
				BB216476232E393C007B9EFF /* Debug */,
				BB216477232E393C007B9EFF /* Release */,
			);
			defaultConfigurationIsVisible = 0;
			defaultConfigurationName = Release;
		};
		BB216478232E393C007B9EFF /* Build configuration list for PBXNativeTarget "StampUITests" */ = {
			isa = XCConfigurationList;
			buildConfigurations = (
				BB216479232E393C007B9EFF /* Debug */,
				BB21647A232E393C007B9EFF /* Release */,
			);
			defaultConfigurationIsVisible = 0;
			defaultConfigurationName = Release;
		};
/* End XCConfigurationList section */
	};
	rootObject = BB216442232E3939007B9EFF /* Project object */;
}
